
Microsoft Visual Studio Solution File, Format Version 12.00
# Visual Studio 15
VisualStudioVersion = 15.0.28307.1062
MinimumVisualStudioVersion = 10.0.40219.1
Project("{FAE04EC0-301F-11D3-BF4B-00C04F79EFBC}") = "WHFR-ed2-NPC-Creator", "WHFR-ed2-NPC-Creator\WHFR-ed2-NPC-Creator.csproj", "{F8EB9A59-9470-476D-BA60-9B9C55156A7F}"
EndProject
Global
	GlobalSection(SolutionConfigurationPlatforms) = preSolution
		Debug|Any CPU = Debug|Any CPU
		Release|Any CPU = Release|Any CPU
	EndGlobalSection
	GlobalSection(ProjectConfigurationPlatforms) = postSolution
		{F8EB9A59-9470-476D-BA60-9B9C55156A7F}.Debug|Any CPU.ActiveCfg = Debug|Any CPU
		{F8EB9A59-9470-476D-BA60-9B9C55156A7F}.Debug|Any CPU.Build.0 = Debug|Any CPU
		{F8EB9A59-9470-476D-BA60-9B9C55156A7F}.Release|Any CPU.ActiveCfg = Release|Any CPU
		{F8EB9A59-9470-476D-BA60-9B9C55156A7F}.Release|Any CPU.Build.0 = Release|Any CPU
	EndGlobalSection
	GlobalSection(SolutionProperties) = preSolution
		HideSolutionNode = FALSE
	EndGlobalSection
	GlobalSection(ExtensibilityGlobals) = postSolution
		SolutionGuid = {54582728-EF33-478D-AD2A-66AE85CA1C29}
	EndGlobalSection
EndGlobal
